
Microsoft Visual Studio Solution File, Format Version 12.00
# Visual Studio 15
VisualStudioVersion = 15.0.28307.421
MinimumVisualStudioVersion = 10.0.40219.1
Project("{8BC9CEB8-8B4A-11D0-8D11-00A0C91BC942}") = "project1", "project1.vcxproj", "{D18A0115-2501-4292-86D0-9FA80A9EBD3A}"
EndProject
Global
	GlobalSection(SolutionConfigurationPlatforms) = preSolution
		Debug|x64 = Debug|x64
		Debug|x86 = Debug|x86
		Release|x64 = Release|x64
		Release|x86 = Release|x86
	EndGlobalSection
	GlobalSection(ProjectConfigurationPlatforms) = postSolution
		{D18A0115-2501-4292-86D0-9FA80A9EBD3A}.Debug|x64.ActiveCfg = Debug|x64
		{D18A0115-2501-4292-86D0-9FA80A9EBD3A}.Debug|x64.Build.0 = Debug|x64
		{D18A0115-2501-4292-86D0-9FA80A9EBD3A}.Debug|x86.ActiveCfg = Debug|Win32
		{D18A0115-2501-4292-86D0-9FA80A9EBD3A}.Debug|x86.Build.0 = Debug|Win32
		{D18A0115-2501-4292-86D0-9FA80A9EBD3A}.Release|x64.ActiveCfg = Release|x64
		{D18A0115-2501-4292-86D0-9FA80A9EBD3A}.Release|x64.Build.0 = Release|x64
		{D18A0115-2501-4292-86D0-9FA80A9EBD3A}.Release|x86.ActiveCfg = Release|Win32
		{D18A0115-2501-4292-86D0-9FA80A9EBD3A}.Release|x86.Build.0 = Release|Win32
	EndGlobalSection
	GlobalSection(SolutionProperties) = preSolution
		HideSolutionNode = FALSE
	EndGlobalSection
	GlobalSection(ExtensibilityGlobals) = postSolution
		SolutionGuid = {2DA8FAEA-8AC9-4FED-800B-B9CC06EE18B6}
	EndGlobalSection
EndGlobal
